
Microsoft Visual Studio Solution File, Format Version 12.00
# Visual Studio Version 16
VisualStudioVersion = 16.0.30717.126
MinimumVisualStudioVersion = 10.0.40219.1
Project("{8BC9CEB8-8B4A-11D0-8D11-00A0C91BC942}") = "Floor and Ceiling", "Floor and Ceiling\Floor and Ceiling.vcxproj", "{0F068BEB-4C2B-442B-B0D9-5302F9A3C378}"
EndProject
Global
	GlobalSection(SolutionConfigurationPlatforms) = preSolution
		Debug|x64 = Debug|x64
		Debug|x86 = Debug|x86
		Release|x64 = Release|x64
		Release|x86 = Release|x86
	EndGlobalSection
	GlobalSection(ProjectConfigurationPlatforms) = postSolution
		{0F068BEB-4C2B-442B-B0D9-5302F9A3C378}.Debug|x64.ActiveCfg = Debug|x64
		{0F068BEB-4C2B-442B-B0D9-5302F9A3C378}.Debug|x64.Build.0 = Debug|x64
		{0F068BEB-4C2B-442B-B0D9-5302F9A3C378}.Debug|x86.ActiveCfg = Debug|Win32
		{0F068BEB-4C2B-442B-B0D9-5302F9A3C378}.Debug|x86.Build.0 = Debug|Win32
		{0F068BEB-4C2B-442B-B0D9-5302F9A3C378}.Release|x64.ActiveCfg = Release|x64
		{0F068BEB-4C2B-442B-B0D9-5302F9A3C378}.Release|x64.Build.0 = Release|x64
		{0F068BEB-4C2B-442B-B0D9-5302F9A3C378}.Release|x86.ActiveCfg = Release|Win32
		{0F068BEB-4C2B-442B-B0D9-5302F9A3C378}.Release|x86.Build.0 = Release|Win32
	EndGlobalSection
	GlobalSection(SolutionProperties) = preSolution
		HideSolutionNode = FALSE
	EndGlobalSection
	GlobalSection(ExtensibilityGlobals) = postSolution
		SolutionGuid = {D5E3BF72-053D-4ACC-9750-8B038F9A0BDB}
	EndGlobalSection
EndGlobal
