
Microsoft Visual Studio Solution File, Format Version 12.00
# Visual Studio Version 16
VisualStudioVersion = 16.0.30717.126
MinimumVisualStudioVersion = 10.0.40219.1
Project("{8BC9CEB8-8B4A-11D0-8D11-00A0C91BC942}") = "String basics", "String basics\String basics.vcxproj", "{8B98B995-FA8D-40D1-B751-17676864A414}"
EndProject
Global
	GlobalSection(SolutionConfigurationPlatforms) = preSolution
		Debug|x64 = Debug|x64
		Debug|x86 = Debug|x86
		Release|x64 = Release|x64
		Release|x86 = Release|x86
	EndGlobalSection
	GlobalSection(ProjectConfigurationPlatforms) = postSolution
		{8B98B995-FA8D-40D1-B751-17676864A414}.Debug|x64.ActiveCfg = Debug|x64
		{8B98B995-FA8D-40D1-B751-17676864A414}.Debug|x64.Build.0 = Debug|x64
		{8B98B995-FA8D-40D1-B751-17676864A414}.Debug|x86.ActiveCfg = Debug|Win32
		{8B98B995-FA8D-40D1-B751-17676864A414}.Debug|x86.Build.0 = Debug|Win32
		{8B98B995-FA8D-40D1-B751-17676864A414}.Release|x64.ActiveCfg = Release|x64
		{8B98B995-FA8D-40D1-B751-17676864A414}.Release|x64.Build.0 = Release|x64
		{8B98B995-FA8D-40D1-B751-17676864A414}.Release|x86.ActiveCfg = Release|Win32
		{8B98B995-FA8D-40D1-B751-17676864A414}.Release|x86.Build.0 = Release|Win32
	EndGlobalSection
	GlobalSection(SolutionProperties) = preSolution
		HideSolutionNode = FALSE
	EndGlobalSection
	GlobalSection(ExtensibilityGlobals) = postSolution
		SolutionGuid = {B00647C7-6F8F-4598-851B-1D1E64C43F2F}
	EndGlobalSection
EndGlobal
